
Microsoft Visual Studio Solution File, Format Version 12.00
# Visual Studio Version 17
VisualStudioVersion = 17.4.33122.133
MinimumVisualStudioVersion = 10.0.40219.1
Project("{FAE04EC0-301F-11D3-BF4B-00C04F79EFBC}") = "TextAdventure", "TextAdventure.csproj", "{B0C4A573-0B1A-4AC3-8F0E-8F9B564A1613}"
EndProject
Global
	GlobalSection(SolutionConfigurationPlatforms) = preSolution
		Debug|Any CPU = Debug|Any CPU
		Release|Any CPU = Release|Any CPU
	EndGlobalSection
	GlobalSection(ProjectConfigurationPlatforms) = postSolution
		{B0C4A573-0B1A-4AC3-8F0E-8F9B564A1613}.Debug|Any CPU.ActiveCfg = Debug|Any CPU
		{B0C4A573-0B1A-4AC3-8F0E-8F9B564A1613}.Debug|Any CPU.Build.0 = Debug|Any CPU
		{B0C4A573-0B1A-4AC3-8F0E-8F9B564A1613}.Release|Any CPU.ActiveCfg = Release|Any CPU
		{B0C4A573-0B1A-4AC3-8F0E-8F9B564A1613}.Release|Any CPU.Build.0 = Release|Any CPU
	EndGlobalSection
	GlobalSection(SolutionProperties) = preSolution
		HideSolutionNode = FALSE
	EndGlobalSection
	GlobalSection(ExtensibilityGlobals) = postSolution
		SolutionGuid = {5D9B92D1-8AAB-4654-A862-7E62A9C12EFD}
	EndGlobalSection
EndGlobal
